
Microsoft Visual Studio Solution File, Format Version 12.00
# Visual Studio Version 17
VisualStudioVersion = 17.10.35027.167
MinimumVisualStudioVersion = 10.0.40219.1
Project("{FAE04EC0-301F-11D3-BF4B-00C04F79EFBC}") = "MyWebApplication", "MyWebApplication.csproj", "{AC36A2D6-BE04-4B42-8DA6-27AFB5580330}"
EndProject
Global
	GlobalSection(SolutionConfigurationPlatforms) = preSolution
		Debug|Any CPU = Debug|Any CPU
		Release|Any CPU = Release|Any CPU
	EndGlobalSection
	GlobalSection(ProjectConfigurationPlatforms) = postSolution
		{AC36A2D6-BE04-4B42-8DA6-27AFB5580330}.Debug|Any CPU.ActiveCfg = Debug|Any CPU
		{AC36A2D6-BE04-4B42-8DA6-27AFB5580330}.Debug|Any CPU.Build.0 = Debug|Any CPU
		{AC36A2D6-BE04-4B42-8DA6-27AFB5580330}.Release|Any CPU.ActiveCfg = Release|Any CPU
		{AC36A2D6-BE04-4B42-8DA6-27AFB5580330}.Release|Any CPU.Build.0 = Release|Any CPU
	EndGlobalSection
	GlobalSection(SolutionProperties) = preSolution
		HideSolutionNode = FALSE
	EndGlobalSection
	GlobalSection(ExtensibilityGlobals) = postSolution
		SolutionGuid = {DC3A580A-AA2B-4368-8EEE-AA79DE799DB7}
	EndGlobalSection
EndGlobal
